
Microsoft Visual Studio Solution File, Format Version 12.00
# Visual Studio 15
VisualStudioVersion = 15.0.28307.329
MinimumVisualStudioVersion = 10.0.40219.1
Project("{FAE04EC0-301F-11D3-BF4B-00C04F79EFBC}") = "Lab 1 Task 3", "Lab 1 Task 3\Lab 1 Task 3.csproj", "{A5EA9948-1EFD-4834-AB9D-4A77C280B162}"
EndProject
Global
	GlobalSection(SolutionConfigurationPlatforms) = preSolution
		Debug|Any CPU = Debug|Any CPU
		Release|Any CPU = Release|Any CPU
	EndGlobalSection
	GlobalSection(ProjectConfigurationPlatforms) = postSolution
		{A5EA9948-1EFD-4834-AB9D-4A77C280B162}.Debug|Any CPU.ActiveCfg = Debug|Any CPU
		{A5EA9948-1EFD-4834-AB9D-4A77C280B162}.Debug|Any CPU.Build.0 = Debug|Any CPU
		{A5EA9948-1EFD-4834-AB9D-4A77C280B162}.Release|Any CPU.ActiveCfg = Release|Any CPU
		{A5EA9948-1EFD-4834-AB9D-4A77C280B162}.Release|Any CPU.Build.0 = Release|Any CPU
	EndGlobalSection
	GlobalSection(SolutionProperties) = preSolution
		HideSolutionNode = FALSE
	EndGlobalSection
	GlobalSection(ExtensibilityGlobals) = postSolution
		SolutionGuid = {1B52800E-C7FA-4EF8-AA29-3D89D91625D0}
	EndGlobalSection
EndGlobal
