
Microsoft Visual Studio Solution File, Format Version 12.00
# Visual Studio 15
VisualStudioVersion = 15.0.28307.329
MinimumVisualStudioVersion = 10.0.40219.1
Project("{FAE04EC0-301F-11D3-BF4B-00C04F79EFBC}") = "Task 3", "Task 3\Task 3.csproj", "{8B0D1169-5CE8-4DCE-AB92-5D30D7CA5955}"
EndProject
Global
	GlobalSection(SolutionConfigurationPlatforms) = preSolution
		Debug|Any CPU = Debug|Any CPU
		Release|Any CPU = Release|Any CPU
	EndGlobalSection
	GlobalSection(ProjectConfigurationPlatforms) = postSolution
		{8B0D1169-5CE8-4DCE-AB92-5D30D7CA5955}.Debug|Any CPU.ActiveCfg = Debug|Any CPU
		{8B0D1169-5CE8-4DCE-AB92-5D30D7CA5955}.Debug|Any CPU.Build.0 = Debug|Any CPU
		{8B0D1169-5CE8-4DCE-AB92-5D30D7CA5955}.Release|Any CPU.ActiveCfg = Release|Any CPU
		{8B0D1169-5CE8-4DCE-AB92-5D30D7CA5955}.Release|Any CPU.Build.0 = Release|Any CPU
	EndGlobalSection
	GlobalSection(SolutionProperties) = preSolution
		HideSolutionNode = FALSE
	EndGlobalSection
	GlobalSection(ExtensibilityGlobals) = postSolution
		SolutionGuid = {C1FBAF20-D379-46D9-AFD2-E57BFBE3E5CE}
	EndGlobalSection
EndGlobal
