
Microsoft Visual Studio Solution File, Format Version 12.00
# Visual Studio 15
VisualStudioVersion = 15.0.28307.329
MinimumVisualStudioVersion = 10.0.40219.1
Project("{FAE04EC0-301F-11D3-BF4B-00C04F79EFBC}") = "Lab1 Task1", "Lab1 Task1\Lab1 Task1.csproj", "{2BCFABEC-20D9-485D-830E-C82DB8D648AD}"
EndProject
Global
	GlobalSection(SolutionConfigurationPlatforms) = preSolution
		Debug|Any CPU = Debug|Any CPU
		Release|Any CPU = Release|Any CPU
	EndGlobalSection
	GlobalSection(ProjectConfigurationPlatforms) = postSolution
		{2BCFABEC-20D9-485D-830E-C82DB8D648AD}.Debug|Any CPU.ActiveCfg = Debug|Any CPU
		{2BCFABEC-20D9-485D-830E-C82DB8D648AD}.Debug|Any CPU.Build.0 = Debug|Any CPU
		{2BCFABEC-20D9-485D-830E-C82DB8D648AD}.Release|Any CPU.ActiveCfg = Release|Any CPU
		{2BCFABEC-20D9-485D-830E-C82DB8D648AD}.Release|Any CPU.Build.0 = Release|Any CPU
	EndGlobalSection
	GlobalSection(SolutionProperties) = preSolution
		HideSolutionNode = FALSE
	EndGlobalSection
	GlobalSection(ExtensibilityGlobals) = postSolution
		SolutionGuid = {46CB7F01-2FB4-4F57-B0E2-772DFA7C5170}
	EndGlobalSection
EndGlobal
