
Microsoft Visual Studio Solution File, Format Version 12.00
# Visual Studio 15
VisualStudioVersion = 15.0.27130.2027
MinimumVisualStudioVersion = 10.0.40219.1
Project("{FAE04EC0-301F-11D3-BF4B-00C04F79EFBC}") = "Task 1", "Task 1\Task 1.csproj", "{3995EA3A-F10D-4355-9D01-333AA16828DC}"
EndProject
Global
	GlobalSection(SolutionConfigurationPlatforms) = preSolution
		Debug|Any CPU = Debug|Any CPU
		Release|Any CPU = Release|Any CPU
	EndGlobalSection
	GlobalSection(ProjectConfigurationPlatforms) = postSolution
		{3995EA3A-F10D-4355-9D01-333AA16828DC}.Debug|Any CPU.ActiveCfg = Debug|Any CPU
		{3995EA3A-F10D-4355-9D01-333AA16828DC}.Debug|Any CPU.Build.0 = Debug|Any CPU
		{3995EA3A-F10D-4355-9D01-333AA16828DC}.Release|Any CPU.ActiveCfg = Release|Any CPU
		{3995EA3A-F10D-4355-9D01-333AA16828DC}.Release|Any CPU.Build.0 = Release|Any CPU
	EndGlobalSection
	GlobalSection(SolutionProperties) = preSolution
		HideSolutionNode = FALSE
	EndGlobalSection
	GlobalSection(ExtensibilityGlobals) = postSolution
		SolutionGuid = {A1DF87EF-03DE-41C8-8A4F-43A17F8187A8}
	EndGlobalSection
EndGlobal
